// !$*UTF8*$!
{
	archiveVersion = 1;
	classes = {
	};
	objectVersion = 77;
	objects = {

/* Begin PBXFileReference section */
		820DBD972DF9097C009165D9 /* removeDuplicatesArray.cpp */ = {isa = PBXFileReference; lastKnownFileType = sourcecode.cpp.cpp; path = removeDuplicatesArray.cpp; sourceTree = "<group>"; };
		820DBD9A2DF90D9A009165D9 /* removeDuplicatesList.cpp */ = {isa = PBXFileReference; lastKnownFileType = sourcecode.cpp.cpp; path = removeDuplicatesList.cpp; sourceTree = "<group>"; };
		823D028C2DF2B89400DF8D0F /* Info */ = {isa = PBXFileReference; lastKnownFileType = text; path = Info; sourceTree = "<group>"; };
		823D028E2DF2B89400DF8D0F /* Info */ = {isa = PBXFileReference; lastKnownFileType = text; path = Info; sourceTree = "<group>"; };
		823D02902DF2B89400DF8D0F /* leetProjects.xcodeproj */ = {isa = PBXFileReference; lastKnownFileType = "wrapper.pb-project"; path = leetProjects.xcodeproj; sourceTree = "<group>"; };
		823D02912DF2B89400DF8D0F /* Info */ = {isa = PBXFileReference; lastKnownFileType = text; path = Info; sourceTree = "<group>"; };
		823D02932DF2B89400DF8D0F /* README.md */ = {isa = PBXFileReference; lastKnownFileType = net.daringfireball.markdown; path = README.md; sourceTree = "<group>"; };
		823D02962DF2B90E00DF8D0F /* longestCommonPrefix.cpp */ = {isa = PBXFileReference; lastKnownFileType = sourcecode.cpp.cpp; path = longestCommonPrefix.cpp; sourceTree = "<group>"; };
		823D02972DF2B90E00DF8D0F /* palindromeNumber.cpp */ = {isa = PBXFileReference; lastKnownFileType = sourcecode.cpp.cpp; path = palindromeNumber.cpp; sourceTree = "<group>"; };
		823D02982DF2B90E00DF8D0F /* runningSum.cpp */ = {isa = PBXFileReference; lastKnownFileType = sourcecode.cpp.cpp; path = runningSum.cpp; sourceTree = "<group>"; };
		823D02992DF2B90E00DF8D0F /* twoSum.cpp */ = {isa = PBXFileReference; lastKnownFileType = sourcecode.cpp.cpp; path = twoSum.cpp; sourceTree = "<group>"; };
		823D029A2DF2BA1E00DF8D0F /* validParentheses.cpp */ = {isa = PBXFileReference; lastKnownFileType = sourcecode.cpp.cpp; path = validParentheses.cpp; sourceTree = "<group>"; };
		823D029D2DF3CF9600DF8D0F /* romanNums.cpp */ = {isa = PBXFileReference; lastKnownFileType = sourcecode.cpp.cpp; path = romanNums.cpp; sourceTree = "<group>"; };
		828FEABF2DF6BD9500A8E629 /* firstOccurence.cpp */ = {isa = PBXFileReference; lastKnownFileType = sourcecode.cpp.cpp; path = firstOccurence.cpp; sourceTree = "<group>"; };
		828FEAC02DF6BD9500A8E629 /* lengthLastWord.cpp */ = {isa = PBXFileReference; lastKnownFileType = sourcecode.cpp.cpp; path = lengthLastWord.cpp; sourceTree = "<group>"; };
		828FEAC12DF6BD9500A8E629 /* searchInsertPosition.cpp */ = {isa = PBXFileReference; lastKnownFileType = sourcecode.cpp.cpp; path = searchInsertPosition.cpp; sourceTree = "<group>"; };
		828FEAC22DF6BD9500A8E629 /* sqrtApprox.cpp */ = {isa = PBXFileReference; lastKnownFileType = sourcecode.cpp.cpp; path = sqrtApprox.cpp; sourceTree = "<group>"; };
		828FEAC32DF6BD9900A8E629 /* pascalsTriangle.cpp */ = {isa = PBXFileReference; lastKnownFileType = sourcecode.cpp.cpp; path = pascalsTriangle.cpp; sourceTree = "<group>"; };
		82DA9B832DF935DB00BCF8D7 /* binarySum.cpp */ = {isa = PBXFileReference; lastKnownFileType = sourcecode.cpp.cpp; path = binarySum.cpp; sourceTree = "<group>"; };
		82DA9B842DF935E200BCF8D7 /* profitMaxxing.cpp */ = {isa = PBXFileReference; lastKnownFileType = sourcecode.cpp.cpp; path = profitMaxxing.cpp; sourceTree = "<group>"; };
/* End PBXFileReference section */

/* Begin PBXGroup section */
		820859192DF2B220003918D4 = {
			isa = PBXGroup;
			children = (
				823D028D2DF2B89400DF8D0F /* Easy */,
				823D028F2DF2B89400DF8D0F /* Hard */,
				823D02902DF2B89400DF8D0F /* leetProjects.xcodeproj */,
				823D02922DF2B89400DF8D0F /* Medium */,
				823D02932DF2B89400DF8D0F /* README.md */,
			);
			sourceTree = "<group>";
		};
		823D028D2DF2B89400DF8D0F /* Easy */ = {
			isa = PBXGroup;
			children = (
				82DA9B842DF935E200BCF8D7 /* profitMaxxing.cpp */,
				82DA9B832DF935DB00BCF8D7 /* binarySum.cpp */,
				820DBD9A2DF90D9A009165D9 /* removeDuplicatesList.cpp */,
				820DBD972DF9097C009165D9 /* removeDuplicatesArray.cpp */,
				828FEAC32DF6BD9900A8E629 /* pascalsTriangle.cpp */,
				828FEABF2DF6BD9500A8E629 /* firstOccurence.cpp */,
				828FEAC02DF6BD9500A8E629 /* lengthLastWord.cpp */,
				828FEAC12DF6BD9500A8E629 /* searchInsertPosition.cpp */,
				828FEAC22DF6BD9500A8E629 /* sqrtApprox.cpp */,
				823D029D2DF3CF9600DF8D0F /* romanNums.cpp */,
				823D029A2DF2BA1E00DF8D0F /* validParentheses.cpp */,
				823D02962DF2B90E00DF8D0F /* longestCommonPrefix.cpp */,
				823D02972DF2B90E00DF8D0F /* palindromeNumber.cpp */,
				823D02982DF2B90E00DF8D0F /* runningSum.cpp */,
				823D02992DF2B90E00DF8D0F /* twoSum.cpp */,
				823D028C2DF2B89400DF8D0F /* Info */,
			);
			path = Easy;
			sourceTree = "<group>";
		};
		823D028F2DF2B89400DF8D0F /* Hard */ = {
			isa = PBXGroup;
			children = (
				823D028E2DF2B89400DF8D0F /* Info */,
			);
			path = Hard;
			sourceTree = "<group>";
		};
		823D02922DF2B89400DF8D0F /* Medium */ = {
			isa = PBXGroup;
			children = (
				823D02912DF2B89400DF8D0F /* Info */,
			);
			path = Medium;
			sourceTree = "<group>";
		};
		823D02942DF2B89400DF8D0F /* Products */ = {
			isa = PBXGroup;
			name = Products;
			sourceTree = "<group>";
		};
/* End PBXGroup section */

/* Begin PBXProject section */
		8208591A2DF2B220003918D4 /* Project object */ = {
			isa = PBXProject;
			attributes = {
				BuildIndependentTargetsInParallel = 1;
				LastUpgradeCheck = 1630;
			};
			buildConfigurationList = 8208591D2DF2B220003918D4 /* Build configuration list for PBXProject "leetProjects" */;
			developmentRegion = en;
			hasScannedForEncodings = 0;
			knownRegions = (
				en,
				Base,
			);
			mainGroup = 820859192DF2B220003918D4;
			minimizedProjectReferenceProxies = 1;
			preferredProjectObjectVersion = 77;
			projectDirPath = "";
			projectReferences = (
				{
					ProductGroup = 823D02942DF2B89400DF8D0F /* Products */;
					ProjectRef = 823D02902DF2B89400DF8D0F /* leetProjects.xcodeproj */;
				},
			);
			projectRoot = "";
			targets = (
			);
		};
/* End PBXProject section */

/* Begin XCBuildConfiguration section */
		8208591E2DF2B220003918D4 /* Debug */ = {
			isa = XCBuildConfiguration;
			buildSettings = {
			};
			name = Debug;
		};
		8208591F2DF2B220003918D4 /* Release */ = {
			isa = XCBuildConfiguration;
			buildSettings = {
			};
			name = Release;
		};
/* End XCBuildConfiguration section */

/* Begin XCConfigurationList section */
		8208591D2DF2B220003918D4 /* Build configuration list for PBXProject "leetProjects" */ = {
			isa = XCConfigurationList;
			buildConfigurations = (
				8208591E2DF2B220003918D4 /* Debug */,
				8208591F2DF2B220003918D4 /* Release */,
			);
			defaultConfigurationIsVisible = 0;
			defaultConfigurationName = Release;
		};
/* End XCConfigurationList section */
	};
	rootObject = 8208591A2DF2B220003918D4 /* Project object */;
}
